
Microsoft Visual Studio Solution File, Format Version 12.00
# Visual Studio Version 17
VisualStudioVersion = 17.13.35931.197
MinimumVisualStudioVersion = 10.0.40219.1
Project("{FAE04EC0-301F-11D3-BF4B-00C04F79EFBC}") = "CrudifyX.Web", "CrudifyX.Web\CrudifyX.Web.csproj", "{1652321E-92F2-4C46-ADC9-056B9672B021}"
EndProject
Project("{FAE04EC0-301F-11D3-BF4B-00C04F79EFBC}") = "CSVParser", "CSVParser\CSVParser.csproj", "{03540371-2257-4EB1-966C-83AB1E6BD62C}"
EndProject
Global
	GlobalSection(SolutionConfigurationPlatforms) = preSolution
		Debug|Any CPU = Debug|Any CPU
		Release|Any CPU = Release|Any CPU
	EndGlobalSection
	GlobalSection(ProjectConfigurationPlatforms) = postSolution
		{1652321E-92F2-4C46-ADC9-056B9672B021}.Debug|Any CPU.ActiveCfg = Debug|Any CPU
		{1652321E-92F2-4C46-ADC9-056B9672B021}.Debug|Any CPU.Build.0 = Debug|Any CPU
		{1652321E-92F2-4C46-ADC9-056B9672B021}.Release|Any CPU.ActiveCfg = Release|Any CPU
		{1652321E-92F2-4C46-ADC9-056B9672B021}.Release|Any CPU.Build.0 = Release|Any CPU
		{03540371-2257-4EB1-966C-83AB1E6BD62C}.Debug|Any CPU.ActiveCfg = Debug|Any CPU
		{03540371-2257-4EB1-966C-83AB1E6BD62C}.Debug|Any CPU.Build.0 = Debug|Any CPU
		{03540371-2257-4EB1-966C-83AB1E6BD62C}.Release|Any CPU.ActiveCfg = Release|Any CPU
		{03540371-2257-4EB1-966C-83AB1E6BD62C}.Release|Any CPU.Build.0 = Release|Any CPU
	EndGlobalSection
	GlobalSection(SolutionProperties) = preSolution
		HideSolutionNode = FALSE
	EndGlobalSection
	GlobalSection(ExtensibilityGlobals) = postSolution
		SolutionGuid = {15BA3192-0711-4E00-9A68-0B2C5A0C2FDF}
	EndGlobalSection
EndGlobal
